
Microsoft Visual Studio Solution File, Format Version 12.00
# Visual Studio Version 16
VisualStudioVersion = 25.0.1705.2
MinimumVisualStudioVersion = 10.0.40219.1
Project("{FAE04EC0-301F-11D3-BF4B-00C04F79EFBC}") = "ConsoleChart", "ConsoleChart.csproj", "{74665FE5-0676-4D8C-9C5A-65A53DAFF2C2}"
EndProject
Global
	GlobalSection(SolutionConfigurationPlatforms) = preSolution
		Debug|Any CPU = Debug|Any CPU
		Release|Any CPU = Release|Any CPU
	EndGlobalSection
	GlobalSection(ProjectConfigurationPlatforms) = postSolution
		{74665FE5-0676-4D8C-9C5A-65A53DAFF2C2}.Debug|Any CPU.ActiveCfg = Debug|Any CPU
		{74665FE5-0676-4D8C-9C5A-65A53DAFF2C2}.Debug|Any CPU.Build.0 = Debug|Any CPU
		{74665FE5-0676-4D8C-9C5A-65A53DAFF2C2}.Release|Any CPU.ActiveCfg = Release|Any CPU
		{74665FE5-0676-4D8C-9C5A-65A53DAFF2C2}.Release|Any CPU.Build.0 = Release|Any CPU
	EndGlobalSection
	GlobalSection(SolutionProperties) = preSolution
		HideSolutionNode = FALSE
	EndGlobalSection
	GlobalSection(ExtensibilityGlobals) = postSolution
		SolutionGuid = {A6AD7C4F-8046-4E62-8387-402A5A890BBF}
	EndGlobalSection
EndGlobal
